
Microsoft Visual Studio Solution File, Format Version 12.00
# Visual Studio 2013
VisualStudioVersion = 12.0.31101.0
MinimumVisualStudioVersion = 10.0.40219.1
Project("{FAE04EC0-301F-11D3-BF4B-00C04F79EFBC}") = "KinectEx", "KinectEx\KinectEx.csproj", "{B7429D12-B30B-4ADA-A23C-6376AFB54B80}"
EndProject
Project("{FAE04EC0-301F-11D3-BF4B-00C04F79EFBC}") = "KinectEx.NoSDK", "KinectEx.NoSDK\KinectEx.NoSDK.csproj", "{5A5DB19D-8D3D-4366-92AB-DE18AA8F18CF}"
EndProject
Project("{FAE04EC0-301F-11D3-BF4B-00C04F79EFBC}") = "KinectEx.WinRT", "KinectEx.WinRT\KinectEx.WinRT.csproj", "{3C8FDF2C-B929-4C61-880B-4C44D3F0D673}"
EndProject
Project("{FAE04EC0-301F-11D3-BF4B-00C04F79EFBC}") = "KinectEx.WinRT.NoSDK", "KinectEx.WinRT.NoSDK\KinectEx.WinRT.NoSDK.csproj", "{7882DD4E-0A84-4EB8-BB09-16B1009B9894}"
EndProject
Project("{FAE04EC0-301F-11D3-BF4B-00C04F79EFBC}") = "KinectEx.WinRT.Phone", "KinectEx.WinRT.Phone\KinectEx.WinRT.Phone.csproj", "{A472EC0F-4FDA-4643-AB63-ED8E3FEBA5EF}"
EndProject
Project("{2150E333-8FDC-42A3-9474-1A3956D46DE8}") = "Variants", "Variants", "{30918B38-24CE-4A01-B63C-F3EB202D947E}"
EndProject
Project("{2150E333-8FDC-42A3-9474-1A3956D46DE8}") = "Demos", "Demos", "{A9B1C0A2-8F5A-4F01-AE90-0226CA254D98}"
EndProject
Project("{FAE04EC0-301F-11D3-BF4B-00C04F79EFBC}") = "KinectEx.Demo.Recorder.WPF", "KinectEx.Demo.Recorder.WPF\KinectEx.Demo.Recorder.WPF.csproj", "{EF8ED788-ACF8-4212-A9A8-992CC7072E9D}"
EndProject
Project("{FAE04EC0-301F-11D3-BF4B-00C04F79EFBC}") = "KinectEx.Demo.Recorder.Store", "KinectEx.Demo.Recorder.Store\KinectEx.Demo.Recorder.Store.csproj", "{53DE278A-CD93-485C-A3D2-D078B4A923D0}"
EndProject
Project("{FAE04EC0-301F-11D3-BF4B-00C04F79EFBC}") = "KinectEx.Demo.Playback.WPF", "KinectEx.Demo.Playback.WPF\KinectEx.Demo.Playback.WPF.csproj", "{66F39FF5-3C33-4BEF-9A97-C6D10AABC781}"
EndProject
Project("{FAE04EC0-301F-11D3-BF4B-00C04F79EFBC}") = "KinectEx.Demo.Playback.Store", "KinectEx.Demo.Playback.Store\KinectEx.Demo.Playback.Store.csproj", "{C4FF8092-05A5-4771-B03F-9E5784C3285D}"
EndProject
Project("{2150E333-8FDC-42A3-9474-1A3956D46DE8}") = ".nuget", ".nuget", "{62B16869-840D-41E9-BDE3-B26B644FB205}"
	ProjectSection(SolutionItems) = preProject
		.nuget\NuGet.Config = .nuget\NuGet.Config
		.nuget\NuGet.exe = .nuget\NuGet.exe
		.nuget\NuGet.targets = .nuget\NuGet.targets
	EndProjectSection
EndProject
Global
	GlobalSection(SolutionConfigurationPlatforms) = preSolution
		Debug|Any CPU = Debug|Any CPU
		Debug|ARM = Debug|ARM
		Debug|Mixed Platforms = Debug|Mixed Platforms
		Debug|x64 = Debug|x64
		Debug|x86 = Debug|x86
		Release|Any CPU = Release|Any CPU
		Release|ARM = Release|ARM
		Release|Mixed Platforms = Release|Mixed Platforms
		Release|x64 = Release|x64
		Release|x86 = Release|x86
	EndGlobalSection
	GlobalSection(ProjectConfigurationPlatforms) = postSolution
		{B7429D12-B30B-4ADA-A23C-6376AFB54B80}.Debug|Any CPU.ActiveCfg = Debug|Any CPU
		{B7429D12-B30B-4ADA-A23C-6376AFB54B80}.Debug|Any CPU.Build.0 = Debug|Any CPU
		{B7429D12-B30B-4ADA-A23C-6376AFB54B80}.Debug|ARM.ActiveCfg = Debug|Any CPU
		{B7429D12-B30B-4ADA-A23C-6376AFB54B80}.Debug|Mixed Platforms.ActiveCfg = Debug|x64
		{B7429D12-B30B-4ADA-A23C-6376AFB54B80}.Debug|Mixed Platforms.Build.0 = Debug|x64
		{B7429D12-B30B-4ADA-A23C-6376AFB54B80}.Debug|x64.ActiveCfg = Debug|x64
		{B7429D12-B30B-4ADA-A23C-6376AFB54B80}.Debug|x64.Build.0 = Debug|x64
		{B7429D12-B30B-4ADA-A23C-6376AFB54B80}.Debug|x86.ActiveCfg = Debug|Any CPU
		{B7429D12-B30B-4ADA-A23C-6376AFB54B80}.Release|Any CPU.ActiveCfg = Release|Any CPU
		{B7429D12-B30B-4ADA-A23C-6376AFB54B80}.Release|Any CPU.Build.0 = Release|Any CPU
		{B7429D12-B30B-4ADA-A23C-6376AFB54B80}.Release|ARM.ActiveCfg = Release|Any CPU
		{B7429D12-B30B-4ADA-A23C-6376AFB54B80}.Release|Mixed Platforms.ActiveCfg = Release|x64
		{B7429D12-B30B-4ADA-A23C-6376AFB54B80}.Release|Mixed Platforms.Build.0 = Release|x64
		{B7429D12-B30B-4ADA-A23C-6376AFB54B80}.Release|x64.ActiveCfg = Release|x64
		{B7429D12-B30B-4ADA-A23C-6376AFB54B80}.Release|x64.Build.0 = Release|x64
		{B7429D12-B30B-4ADA-A23C-6376AFB54B80}.Release|x86.ActiveCfg = Release|Any CPU
		{5A5DB19D-8D3D-4366-92AB-DE18AA8F18CF}.Debug|Any CPU.ActiveCfg = Debug|Any CPU
		{5A5DB19D-8D3D-4366-92AB-DE18AA8F18CF}.Debug|Any CPU.Build.0 = Debug|Any CPU
		{5A5DB19D-8D3D-4366-92AB-DE18AA8F18CF}.Debug|ARM.ActiveCfg = Debug|Any CPU
		{5A5DB19D-8D3D-4366-92AB-DE18AA8F18CF}.Debug|Mixed Platforms.ActiveCfg = Debug|Any CPU
		{5A5DB19D-8D3D-4366-92AB-DE18AA8F18CF}.Debug|Mixed Platforms.Build.0 = Debug|Any CPU
		{5A5DB19D-8D3D-4366-92AB-DE18AA8F18CF}.Debug|x64.ActiveCfg = Debug|Any CPU
		{5A5DB19D-8D3D-4366-92AB-DE18AA8F18CF}.Debug|x86.ActiveCfg = Debug|Any CPU
		{5A5DB19D-8D3D-4366-92AB-DE18AA8F18CF}.Release|Any CPU.ActiveCfg = Release|Any CPU
		{5A5DB19D-8D3D-4366-92AB-DE18AA8F18CF}.Release|Any CPU.Build.0 = Release|Any CPU
		{5A5DB19D-8D3D-4366-92AB-DE18AA8F18CF}.Release|ARM.ActiveCfg = Release|Any CPU
		{5A5DB19D-8D3D-4366-92AB-DE18AA8F18CF}.Release|Mixed Platforms.ActiveCfg = Release|Any CPU
		{5A5DB19D-8D3D-4366-92AB-DE18AA8F18CF}.Release|Mixed Platforms.Build.0 = Release|Any CPU
		{5A5DB19D-8D3D-4366-92AB-DE18AA8F18CF}.Release|x64.ActiveCfg = Release|Any CPU
		{5A5DB19D-8D3D-4366-92AB-DE18AA8F18CF}.Release|x86.ActiveCfg = Release|Any CPU
		{3C8FDF2C-B929-4C61-880B-4C44D3F0D673}.Debug|Any CPU.ActiveCfg = Debug|Any CPU
		{3C8FDF2C-B929-4C61-880B-4C44D3F0D673}.Debug|Any CPU.Build.0 = Debug|Any CPU
		{3C8FDF2C-B929-4C61-880B-4C44D3F0D673}.Debug|ARM.ActiveCfg = Debug|ARM
		{3C8FDF2C-B929-4C61-880B-4C44D3F0D673}.Debug|ARM.Build.0 = Debug|ARM
		{3C8FDF2C-B929-4C61-880B-4C44D3F0D673}.Debug|Mixed Platforms.ActiveCfg = Debug|x64
		{3C8FDF2C-B929-4C61-880B-4C44D3F0D673}.Debug|Mixed Platforms.Build.0 = Debug|x64
		{3C8FDF2C-B929-4C61-880B-4C44D3F0D673}.Debug|x64.ActiveCfg = Debug|x64
		{3C8FDF2C-B929-4C61-880B-4C44D3F0D673}.Debug|x64.Build.0 = Debug|x64
		{3C8FDF2C-B929-4C61-880B-4C44D3F0D673}.Debug|x86.ActiveCfg = Debug|x86
		{3C8FDF2C-B929-4C61-880B-4C44D3F0D673}.Debug|x86.Build.0 = Debug|x86
		{3C8FDF2C-B929-4C61-880B-4C44D3F0D673}.Release|Any CPU.ActiveCfg = Release|Any CPU
		{3C8FDF2C-B929-4C61-880B-4C44D3F0D673}.Release|Any CPU.Build.0 = Release|Any CPU
		{3C8FDF2C-B929-4C61-880B-4C44D3F0D673}.Release|ARM.ActiveCfg = Release|ARM
		{3C8FDF2C-B929-4C61-880B-4C44D3F0D673}.Release|ARM.Build.0 = Release|ARM
		{3C8FDF2C-B929-4C61-880B-4C44D3F0D673}.Release|Mixed Platforms.ActiveCfg = Release|x64
		{3C8FDF2C-B929-4C61-880B-4C44D3F0D673}.Release|Mixed Platforms.Build.0 = Release|x64
		{3C8FDF2C-B929-4C61-880B-4C44D3F0D673}.Release|x64.ActiveCfg = Release|x64
		{3C8FDF2C-B929-4C61-880B-4C44D3F0D673}.Release|x64.Build.0 = Release|x64
		{3C8FDF2C-B929-4C61-880B-4C44D3F0D673}.Release|x86.ActiveCfg = Release|x86
		{3C8FDF2C-B929-4C61-880B-4C44D3F0D673}.Release|x86.Build.0 = Release|x86
		{7882DD4E-0A84-4EB8-BB09-16B1009B9894}.Debug|Any CPU.ActiveCfg = Debug|Any CPU
		{7882DD4E-0A84-4EB8-BB09-16B1009B9894}.Debug|Any CPU.Build.0 = Debug|Any CPU
		{7882DD4E-0A84-4EB8-BB09-16B1009B9894}.Debug|ARM.ActiveCfg = Debug|ARM
		{7882DD4E-0A84-4EB8-BB09-16B1009B9894}.Debug|ARM.Build.0 = Debug|ARM
		{7882DD4E-0A84-4EB8-BB09-16B1009B9894}.Debug|Mixed Platforms.ActiveCfg = Debug|Any CPU
		{7882DD4E-0A84-4EB8-BB09-16B1009B9894}.Debug|Mixed Platforms.Build.0 = Debug|Any CPU
		{7882DD4E-0A84-4EB8-BB09-16B1009B9894}.Debug|x64.ActiveCfg = Debug|x64
		{7882DD4E-0A84-4EB8-BB09-16B1009B9894}.Debug|x64.Build.0 = Debug|x64
		{7882DD4E-0A84-4EB8-BB09-16B1009B9894}.Debug|x86.ActiveCfg = Debug|x86
		{7882DD4E-0A84-4EB8-BB09-16B1009B9894}.Debug|x86.Build.0 = Debug|x86
		{7882DD4E-0A84-4EB8-BB09-16B1009B9894}.Release|Any CPU.ActiveCfg = Release|Any CPU
		{7882DD4E-0A84-4EB8-BB09-16B1009B9894}.Release|Any CPU.Build.0 = Release|Any CPU
		{7882DD4E-0A84-4EB8-BB09-16B1009B9894}.Release|ARM.ActiveCfg = Release|ARM
		{7882DD4E-0A84-4EB8-BB09-16B1009B9894}.Release|ARM.Build.0 = Release|ARM
		{7882DD4E-0A84-4EB8-BB09-16B1009B9894}.Release|Mixed Platforms.ActiveCfg = Release|Any CPU
		{7882DD4E-0A84-4EB8-BB09-16B1009B9894}.Release|Mixed Platforms.Build.0 = Release|Any CPU
		{7882DD4E-0A84-4EB8-BB09-16B1009B9894}.Release|x64.ActiveCfg = Release|x64
		{7882DD4E-0A84-4EB8-BB09-16B1009B9894}.Release|x64.Build.0 = Release|x64
		{7882DD4E-0A84-4EB8-BB09-16B1009B9894}.Release|x86.ActiveCfg = Release|x86
		{7882DD4E-0A84-4EB8-BB09-16B1009B9894}.Release|x86.Build.0 = Release|x86
		{A472EC0F-4FDA-4643-AB63-ED8E3FEBA5EF}.Debug|Any CPU.ActiveCfg = Debug|Any CPU
		{A472EC0F-4FDA-4643-AB63-ED8E3FEBA5EF}.Debug|Any CPU.Build.0 = Debug|Any CPU
		{A472EC0F-4FDA-4643-AB63-ED8E3FEBA5EF}.Debug|ARM.ActiveCfg = Debug|ARM
		{A472EC0F-4FDA-4643-AB63-ED8E3FEBA5EF}.Debug|ARM.Build.0 = Debug|ARM
		{A472EC0F-4FDA-4643-AB63-ED8E3FEBA5EF}.Debug|Mixed Platforms.ActiveCfg = Debug|Any CPU
		{A472EC0F-4FDA-4643-AB63-ED8E3FEBA5EF}.Debug|Mixed Platforms.Build.0 = Debug|Any CPU
		{A472EC0F-4FDA-4643-AB63-ED8E3FEBA5EF}.Debug|x64.ActiveCfg = Debug|Any CPU
		{A472EC0F-4FDA-4643-AB63-ED8E3FEBA5EF}.Debug|x86.ActiveCfg = Debug|x86
		{A472EC0F-4FDA-4643-AB63-ED8E3FEBA5EF}.Debug|x86.Build.0 = Debug|x86
		{A472EC0F-4FDA-4643-AB63-ED8E3FEBA5EF}.Release|Any CPU.ActiveCfg = Release|Any CPU
		{A472EC0F-4FDA-4643-AB63-ED8E3FEBA5EF}.Release|Any CPU.Build.0 = Release|Any CPU
		{A472EC0F-4FDA-4643-AB63-ED8E3FEBA5EF}.Release|ARM.ActiveCfg = Release|ARM
		{A472EC0F-4FDA-4643-AB63-ED8E3FEBA5EF}.Release|ARM.Build.0 = Release|ARM
		{A472EC0F-4FDA-4643-AB63-ED8E3FEBA5EF}.Release|Mixed Platforms.ActiveCfg = Release|Any CPU
		{A472EC0F-4FDA-4643-AB63-ED8E3FEBA5EF}.Release|Mixed Platforms.Build.0 = Release|Any CPU
		{A472EC0F-4FDA-4643-AB63-ED8E3FEBA5EF}.Release|x64.ActiveCfg = Release|Any CPU
		{A472EC0F-4FDA-4643-AB63-ED8E3FEBA5EF}.Release|x86.ActiveCfg = Release|x86
		{A472EC0F-4FDA-4643-AB63-ED8E3FEBA5EF}.Release|x86.Build.0 = Release|x86
		{EF8ED788-ACF8-4212-A9A8-992CC7072E9D}.Debug|Any CPU.ActiveCfg = Debug|Any CPU
		{EF8ED788-ACF8-4212-A9A8-992CC7072E9D}.Debug|Any CPU.Build.0 = Debug|Any CPU
		{EF8ED788-ACF8-4212-A9A8-992CC7072E9D}.Debug|ARM.ActiveCfg = Debug|Any CPU
		{EF8ED788-ACF8-4212-A9A8-992CC7072E9D}.Debug|Mixed Platforms.ActiveCfg = Debug|x64
		{EF8ED788-ACF8-4212-A9A8-992CC7072E9D}.Debug|Mixed Platforms.Build.0 = Debug|x64
		{EF8ED788-ACF8-4212-A9A8-992CC7072E9D}.Debug|x64.ActiveCfg = Debug|x64
		{EF8ED788-ACF8-4212-A9A8-992CC7072E9D}.Debug|x64.Build.0 = Debug|x64
		{EF8ED788-ACF8-4212-A9A8-992CC7072E9D}.Debug|x86.ActiveCfg = Debug|Any CPU
		{EF8ED788-ACF8-4212-A9A8-992CC7072E9D}.Release|Any CPU.ActiveCfg = Release|Any CPU
		{EF8ED788-ACF8-4212-A9A8-992CC7072E9D}.Release|Any CPU.Build.0 = Release|Any CPU
		{EF8ED788-ACF8-4212-A9A8-992CC7072E9D}.Release|ARM.ActiveCfg = Release|Any CPU
		{EF8ED788-ACF8-4212-A9A8-992CC7072E9D}.Release|Mixed Platforms.ActiveCfg = Release|x64
		{EF8ED788-ACF8-4212-A9A8-992CC7072E9D}.Release|Mixed Platforms.Build.0 = Release|x64
		{EF8ED788-ACF8-4212-A9A8-992CC7072E9D}.Release|x64.ActiveCfg = Release|x64
		{EF8ED788-ACF8-4212-A9A8-992CC7072E9D}.Release|x64.Build.0 = Release|x64
		{EF8ED788-ACF8-4212-A9A8-992CC7072E9D}.Release|x86.ActiveCfg = Release|Any CPU
		{53DE278A-CD93-485C-A3D2-D078B4A923D0}.Debug|Any CPU.ActiveCfg = Debug|Any CPU
		{53DE278A-CD93-485C-A3D2-D078B4A923D0}.Debug|Any CPU.Build.0 = Debug|Any CPU
		{53DE278A-CD93-485C-A3D2-D078B4A923D0}.Debug|Any CPU.Deploy.0 = Debug|Any CPU
		{53DE278A-CD93-485C-A3D2-D078B4A923D0}.Debug|ARM.ActiveCfg = Debug|ARM
		{53DE278A-CD93-485C-A3D2-D078B4A923D0}.Debug|ARM.Build.0 = Debug|ARM
		{53DE278A-CD93-485C-A3D2-D078B4A923D0}.Debug|ARM.Deploy.0 = Debug|ARM
		{53DE278A-CD93-485C-A3D2-D078B4A923D0}.Debug|Mixed Platforms.ActiveCfg = Debug|x64
		{53DE278A-CD93-485C-A3D2-D078B4A923D0}.Debug|Mixed Platforms.Build.0 = Debug|x64
		{53DE278A-CD93-485C-A3D2-D078B4A923D0}.Debug|Mixed Platforms.Deploy.0 = Debug|x64
		{53DE278A-CD93-485C-A3D2-D078B4A923D0}.Debug|x64.ActiveCfg = Debug|x64
		{53DE278A-CD93-485C-A3D2-D078B4A923D0}.Debug|x64.Build.0 = Debug|x64
		{53DE278A-CD93-485C-A3D2-D078B4A923D0}.Debug|x64.Deploy.0 = Debug|x64
		{53DE278A-CD93-485C-A3D2-D078B4A923D0}.Debug|x86.ActiveCfg = Debug|x86
		{53DE278A-CD93-485C-A3D2-D078B4A923D0}.Debug|x86.Build.0 = Debug|x86
		{53DE278A-CD93-485C-A3D2-D078B4A923D0}.Debug|x86.Deploy.0 = Debug|x86
		{53DE278A-CD93-485C-A3D2-D078B4A923D0}.Release|Any CPU.ActiveCfg = Release|Any CPU
		{53DE278A-CD93-485C-A3D2-D078B4A923D0}.Release|Any CPU.Build.0 = Release|Any CPU
		{53DE278A-CD93-485C-A3D2-D078B4A923D0}.Release|Any CPU.Deploy.0 = Release|Any CPU
		{53DE278A-CD93-485C-A3D2-D078B4A923D0}.Release|ARM.ActiveCfg = Release|ARM
		{53DE278A-CD93-485C-A3D2-D078B4A923D0}.Release|ARM.Build.0 = Release|ARM
		{53DE278A-CD93-485C-A3D2-D078B4A923D0}.Release|ARM.Deploy.0 = Release|ARM
		{53DE278A-CD93-485C-A3D2-D078B4A923D0}.Release|Mixed Platforms.ActiveCfg = Release|x64
		{53DE278A-CD93-485C-A3D2-D078B4A923D0}.Release|Mixed Platforms.Build.0 = Release|x64
		{53DE278A-CD93-485C-A3D2-D078B4A923D0}.Release|Mixed Platforms.Deploy.0 = Release|x64
		{53DE278A-CD93-485C-A3D2-D078B4A923D0}.Release|x64.ActiveCfg = Release|x64
		{53DE278A-CD93-485C-A3D2-D078B4A923D0}.Release|x64.Build.0 = Release|x64
		{53DE278A-CD93-485C-A3D2-D078B4A923D0}.Release|x64.Deploy.0 = Release|x64
		{53DE278A-CD93-485C-A3D2-D078B4A923D0}.Release|x86.ActiveCfg = Release|x86
		{53DE278A-CD93-485C-A3D2-D078B4A923D0}.Release|x86.Build.0 = Release|x86
		{53DE278A-CD93-485C-A3D2-D078B4A923D0}.Release|x86.Deploy.0 = Release|x86
		{66F39FF5-3C33-4BEF-9A97-C6D10AABC781}.Debug|Any CPU.ActiveCfg = Debug|Any CPU
		{66F39FF5-3C33-4BEF-9A97-C6D10AABC781}.Debug|Any CPU.Build.0 = Debug|Any CPU
		{66F39FF5-3C33-4BEF-9A97-C6D10AABC781}.Debug|ARM.ActiveCfg = Debug|Any CPU
		{66F39FF5-3C33-4BEF-9A97-C6D10AABC781}.Debug|Mixed Platforms.ActiveCfg = Debug|Any CPU
		{66F39FF5-3C33-4BEF-9A97-C6D10AABC781}.Debug|Mixed Platforms.Build.0 = Debug|Any CPU
		{66F39FF5-3C33-4BEF-9A97-C6D10AABC781}.Debug|x64.ActiveCfg = Debug|Any CPU
		{66F39FF5-3C33-4BEF-9A97-C6D10AABC781}.Debug|x86.ActiveCfg = Debug|Any CPU
		{66F39FF5-3C33-4BEF-9A97-C6D10AABC781}.Release|Any CPU.ActiveCfg = Release|Any CPU
		{66F39FF5-3C33-4BEF-9A97-C6D10AABC781}.Release|Any CPU.Build.0 = Release|Any CPU
		{66F39FF5-3C33-4BEF-9A97-C6D10AABC781}.Release|ARM.ActiveCfg = Release|Any CPU
		{66F39FF5-3C33-4BEF-9A97-C6D10AABC781}.Release|Mixed Platforms.ActiveCfg = Release|Any CPU
		{66F39FF5-3C33-4BEF-9A97-C6D10AABC781}.Release|Mixed Platforms.Build.0 = Release|Any CPU
		{66F39FF5-3C33-4BEF-9A97-C6D10AABC781}.Release|x64.ActiveCfg = Release|Any CPU
		{66F39FF5-3C33-4BEF-9A97-C6D10AABC781}.Release|x86.ActiveCfg = Release|Any CPU
		{C4FF8092-05A5-4771-B03F-9E5784C3285D}.Debug|Any CPU.ActiveCfg = Debug|Any CPU
		{C4FF8092-05A5-4771-B03F-9E5784C3285D}.Debug|Any CPU.Build.0 = Debug|Any CPU
		{C4FF8092-05A5-4771-B03F-9E5784C3285D}.Debug|Any CPU.Deploy.0 = Debug|Any CPU
		{C4FF8092-05A5-4771-B03F-9E5784C3285D}.Debug|ARM.ActiveCfg = Debug|ARM
		{C4FF8092-05A5-4771-B03F-9E5784C3285D}.Debug|ARM.Build.0 = Debug|ARM
		{C4FF8092-05A5-4771-B03F-9E5784C3285D}.Debug|ARM.Deploy.0 = Debug|ARM
		{C4FF8092-05A5-4771-B03F-9E5784C3285D}.Debug|Mixed Platforms.ActiveCfg = Debug|Any CPU
		{C4FF8092-05A5-4771-B03F-9E5784C3285D}.Debug|Mixed Platforms.Build.0 = Debug|Any CPU
		{C4FF8092-05A5-4771-B03F-9E5784C3285D}.Debug|Mixed Platforms.Deploy.0 = Debug|Any CPU
		{C4FF8092-05A5-4771-B03F-9E5784C3285D}.Debug|x64.ActiveCfg = Debug|x64
		{C4FF8092-05A5-4771-B03F-9E5784C3285D}.Debug|x64.Build.0 = Debug|x64
		{C4FF8092-05A5-4771-B03F-9E5784C3285D}.Debug|x64.Deploy.0 = Debug|x64
		{C4FF8092-05A5-4771-B03F-9E5784C3285D}.Debug|x86.ActiveCfg = Debug|x86
		{C4FF8092-05A5-4771-B03F-9E5784C3285D}.Debug|x86.Build.0 = Debug|x86
		{C4FF8092-05A5-4771-B03F-9E5784C3285D}.Debug|x86.Deploy.0 = Debug|x86
		{C4FF8092-05A5-4771-B03F-9E5784C3285D}.Release|Any CPU.ActiveCfg = Release|Any CPU
		{C4FF8092-05A5-4771-B03F-9E5784C3285D}.Release|Any CPU.Build.0 = Release|Any CPU
		{C4FF8092-05A5-4771-B03F-9E5784C3285D}.Release|Any CPU.Deploy.0 = Release|Any CPU
		{C4FF8092-05A5-4771-B03F-9E5784C3285D}.Release|ARM.ActiveCfg = Release|ARM
		{C4FF8092-05A5-4771-B03F-9E5784C3285D}.Release|ARM.Build.0 = Release|ARM
		{C4FF8092-05A5-4771-B03F-9E5784C3285D}.Release|ARM.Deploy.0 = Release|ARM
		{C4FF8092-05A5-4771-B03F-9E5784C3285D}.Release|Mixed Platforms.ActiveCfg = Release|Any CPU
		{C4FF8092-05A5-4771-B03F-9E5784C3285D}.Release|Mixed Platforms.Build.0 = Release|Any CPU
		{C4FF8092-05A5-4771-B03F-9E5784C3285D}.Release|Mixed Platforms.Deploy.0 = Release|Any CPU
		{C4FF8092-05A5-4771-B03F-9E5784C3285D}.Release|x64.ActiveCfg = Release|x64
		{C4FF8092-05A5-4771-B03F-9E5784C3285D}.Release|x64.Build.0 = Release|x64
		{C4FF8092-05A5-4771-B03F-9E5784C3285D}.Release|x64.Deploy.0 = Release|x64
		{C4FF8092-05A5-4771-B03F-9E5784C3285D}.Release|x86.ActiveCfg = Release|x86
		{C4FF8092-05A5-4771-B03F-9E5784C3285D}.Release|x86.Build.0 = Release|x86
		{C4FF8092-05A5-4771-B03F-9E5784C3285D}.Release|x86.Deploy.0 = Release|x86
	EndGlobalSection
	GlobalSection(SolutionProperties) = preSolution
		HideSolutionNode = FALSE
	EndGlobalSection
	GlobalSection(NestedProjects) = preSolution
		{5A5DB19D-8D3D-4366-92AB-DE18AA8F18CF} = {30918B38-24CE-4A01-B63C-F3EB202D947E}
		{3C8FDF2C-B929-4C61-880B-4C44D3F0D673} = {30918B38-24CE-4A01-B63C-F3EB202D947E}
		{7882DD4E-0A84-4EB8-BB09-16B1009B9894} = {30918B38-24CE-4A01-B63C-F3EB202D947E}
		{A472EC0F-4FDA-4643-AB63-ED8E3FEBA5EF} = {30918B38-24CE-4A01-B63C-F3EB202D947E}
		{EF8ED788-ACF8-4212-A9A8-992CC7072E9D} = {A9B1C0A2-8F5A-4F01-AE90-0226CA254D98}
		{53DE278A-CD93-485C-A3D2-D078B4A923D0} = {A9B1C0A2-8F5A-4F01-AE90-0226CA254D98}
		{66F39FF5-3C33-4BEF-9A97-C6D10AABC781} = {A9B1C0A2-8F5A-4F01-AE90-0226CA254D98}
		{C4FF8092-05A5-4771-B03F-9E5784C3285D} = {A9B1C0A2-8F5A-4F01-AE90-0226CA254D98}
	EndGlobalSection
EndGlobal
